<?xml version="1.0" encoding="utf-8"?>
<Project ToolsVersion="4.0" xmlns="http://schemas.microsoft.com/developer/msbuild/2003">
  <ItemGroup>
    <Filter Include="Source Files">
      <UniqueIdentifier>{4FC737F1-C7A5-4376-A066-2A32D752A2FF}</UniqueIdentifier>
      <Extensions>cpp;c;cc;cxx;def;odl;idl;hpj;bat;asm;asmx</Extensions>
    </Filter>
    <Filter Include="Header Files">
      <UniqueIdentifier>{93995380-89BD-4b04-88EB-625FBE52EBFB}</UniqueIdentifier>
      <Extensions>h;hh;hpp;hxx;hm;inl;inc;xsd</Extensions>
    </Filter>
    <Filter Include="Resource Files">
      <UniqueIdentifier>{67DA6AB6-F800-4c08-8B7A-83BB121AAD01}</UniqueIdentifier>
      <Extensions>rc;ico;cur;bmp;dlg;rc2;rct;bin;rgs;gif;jpg;jpeg;jpe;resx;tiff;tif;png;wav;mfcribbon-ms</Extensions>
    </Filter>
  </ItemGroup>
  <ItemGroup>
    <ClCompile Include="Home.cpp">
      <Filter>Source Files</Filter>
    </ClCompile>
    <ClCompile Include="Globals.cpp">
      <Filter>Source Files</Filter>
    </ClCompile>
    <ClCompile Include="Person.cpp">
      <Filter>Source Files</Filter>
    </ClCompile>
    <ClCompile Include="Resturant.cpp">
      <Filter>Source Files</Filter>
    </ClCompile>
    <ClCompile Include="Order.cpp">
      <Filter>Source Files</Filter>
    </ClCompile>
    <ClCompile Include="ShowResturants.cpp">
      <Filter>Source Files</Filter>
    </ClCompile>
    <ClCompile Include="ResturantsUC.cpp">
      <Filter>Source Files</Filter>
    </ClCompile>
    <ClCompile Include="Login_signup.cpp">
      <Filter>Source Files</Filter>
    </ClCompile>
    <ClCompile Include="ResturantsMenu.cpp">
      <Filter>Source Files</Filter>
    </ClCompile>
    <ClCompile Include="CategoryMenu.cpp">
      <Filter>Source Files</Filter>
    </ClCompile>
    <ClCompile Include="Foods.cpp">
      <Filter>Source Files</Filter>
    </ClCompile>
    <ClCompile Include="OrderUC.cpp">
      <Filter>Source Files</Filter>
    </ClCompile>
    <ClCompile Include="ReviewOrder.cpp">
      <Filter>Source Files</Filter>
    </ClCompile>
    <ClCompile Include="ReviewOrderUC.cpp">
      <Filter>Source Files</Filter>
    </ClCompile>
    <ClCompile Include="PlaceOrder.cpp">
      <Filter>Source Files</Filter>
    </ClCompile>
    <ClCompile Include="PlaceOrderUC.cpp">
      <Filter>Source Files</Filter>
    </ClCompile>
    <ClCompile Include="PayByCredit.cpp">
      <Filter>Source Files</Filter>
    </ClCompile>
    <ClCompile Include="ReviewsUC.cpp">
      <Filter>Source Files</Filter>
    </ClCompile>
    <ClCompile Include="manger.cpp">
      <Filter>Source Files</Filter>
    </ClCompile>
    <ClCompile Include="MyAccount.cpp">
      <Filter>Source Files</Filter>
    </ClCompile>
  </ItemGroup>
  <ItemGroup>
    <ClInclude Include="Home.h">
      <Filter>Header Files</Filter>
    </ClInclude>
    <ClInclude Include="Globals.h">
      <Filter>Header Files</Filter>
    </ClInclude>
    <ClInclude Include="Person.h">
      <Filter>Header Files</Filter>
    </ClInclude>
    <ClInclude Include="Resturant.h">
      <Filter>Header Files</Filter>
    </ClInclude>
    <ClInclude Include="Order.h">
      <Filter>Header Files</Filter>
    </ClInclude>
    <ClInclude Include="ShowResturants.h">
      <Filter>Header Files</Filter>
    </ClInclude>
    <ClInclude Include="ResturantsUC.h">
      <Filter>Header Files</Filter>
    </ClInclude>
    <ClInclude Include="Login_signup.h">
      <Filter>Header Files</Filter>
    </ClInclude>
    <ClInclude Include="CategoryMenu.h">
      <Filter>Header Files</Filter>
    </ClInclude>
    <ClInclude Include="ResturantMenu.h">
      <Filter>Header Files</Filter>
    </ClInclude>
    <ClInclude Include="Foods.h">
      <Filter>Header Files</Filter>
    </ClInclude>
    <ClInclude Include="OrderUC.h">
      <Filter>Header Files</Filter>
    </ClInclude>
    <ClInclude Include="ReviewOrder.h">
      <Filter>Header Files</Filter>
    </ClInclude>
    <ClInclude Include="ReviewOrderUC.h">
      <Filter>Header Files</Filter>
    </ClInclude>
    <ClInclude Include="PlaceOrder.h">
      <Filter>Header Files</Filter>
    </ClInclude>
    <ClInclude Include="PlaceOrderUC.h">
      <Filter>Header Files</Filter>
    </ClInclude>
    <ClInclude Include="PayByCredit.h">
      <Filter>Header Files</Filter>
    </ClInclude>
    <ClInclude Include="ReviewsUC.h">
      <Filter>Header Files</Filter>
    </ClInclude>
    <ClInclude Include="manger.h">
      <Filter>Header Files</Filter>
    </ClInclude>
    <ClInclude Include="MyAccount.h">
      <Filter>Header Files</Filter>
    </ClInclude>
  </ItemGroup>
  <ItemGroup>
    <EmbeddedResource Include="Home.resx">
      <Filter>Resource Files</Filter>
    </EmbeddedResource>
    <EmbeddedResource Include="ShowResturants.resx">
      <Filter>Resource Files</Filter>
    </EmbeddedResource>
    <EmbeddedResource Include="ResturantsUC.resx">
      <Filter>Resource Files</Filter>
    </EmbeddedResource>
    <EmbeddedResource Include="Login_signup.resx">
      <Filter>Resource Files</Filter>
    </EmbeddedResource>
    <EmbeddedResource Include="CategoryMenu.resx">
      <Filter>Resource Files</Filter>
    </EmbeddedResource>
    <EmbeddedResource Include="Foods.resx">
      <Filter>Resource Files</Filter>
    </EmbeddedResource>
    <EmbeddedResource Include="OrderUC.resx">
      <Filter>Resource Files</Filter>
    </EmbeddedResource>
    <EmbeddedResource Include="ResturantMenu.resx">
      <Filter>Resource Files</Filter>
    </EmbeddedResource>
  </ItemGroup>
  <ItemGroup>
    <None Include="ClassDiagram.cd" />
  </ItemGroup>
</Project>